{
    "_readme": [
        "This file locks the dependencies of your project to a known state",
        "Read more about it at https://getcomposer.org/doc/01-basic-usage.md#installing-dependencies",
        "This file is @generated automatically"
    ],
    "content-hash": "9d67eab7c2f22f1ca48aa47f03cbf50c",
    "packages": [
        {
            "name": "nadar/quill-delta-parser",
            "version": "2.4.0",
            "source": {
                "type": "git",
                "url": "https://github.com/nadar/quill-delta-parser.git",
                "reference": "8a572a1c36020dc5b3a35f6231a27f1ca7e53ac4"
            },
            "dist": {
                "type": "zip",
                "url": "https://api.github.com/repos/nadar/quill-delta-parser/zipball/8a572a1c36020dc5b3a35f6231a27f1ca7e53ac4",
                "reference": "8a572a1c36020dc5b3a35f6231a27f1ca7e53ac4",
                "shasum": ""
            },
            "require-dev": {
                "phpunit/phpunit": "^7.3"
            },
            "type": "library",
            "autoload": {
                "psr-4": {
                    "nadar\\quill\\": "src/"
                }
            },
            "notification-url": "https://packagist.org/downloads/",
            "license": [
                "MIT"
            ],
            "authors": [
                {
                    "name": "Basil Suter",
                    "email": "git@nadar.io"
                }
            ],
            "description": "A PHP library to parse Quill Deltas into HTML",
            "time": "2019-11-02T15:32:57+00:00"
        }
    ],
    "packages-dev": [],
    "aliases": [],
    "minimum-stability": "stable",
    "stability-flags": [],
    "prefer-stable": false,
    "prefer-lowest": false,
    "platform": [],
    "platform-dev": []
}
